{
  "lockfile_version": "1",
  "packages": {
    "bazelisk@latest": {
      "last_modified": "2023-09-19T14:14:51Z",
      "resolved": "github:NixOS/nixpkgs/8b5ab8341e33322e5b66fb46ce23d724050f6606#bazelisk",
      "source": "devbox-search",
      "version": "1.18.0"
    },
    "cargo@latest": {
      "last_modified": "2023-09-19T14:14:51Z",
      "resolved": "github:NixOS/nixpkgs/8b5ab8341e33322e5b66fb46ce23d724050f6606#cargo",
      "source": "devbox-search",
      "version": "1.72.0"
    },
    "clang_16@latest": {
      "last_modified": "2023-09-15T06:49:28Z",
      "resolved": "github:NixOS/nixpkgs/46688f8eb5cd6f1298d873d4d2b9cf245e09e88e#clang_16",
      "source": "devbox-search",
      "version": "16.0.6"
    },
    "curl@latest": {
      "last_modified": "2023-09-19T14:14:51Z",
      "resolved": "github:NixOS/nixpkgs/8b5ab8341e33322e5b66fb46ce23d724050f6606#curl",
      "source": "devbox-search",
      "version": "8.2.1"
    },
    "fd@latest": {
      "last_modified": "2023-09-06T20:35:33Z",
      "resolved": "github:NixOS/nixpkgs/efd23a1c9ae8c574e2ca923c2b2dc336797f4cc4#fd",
      "source": "devbox-search",
      "version": "8.7.0"
    },
    "git@latest": {
      "last_modified": "2023-09-19T14:14:51Z",
      "resolved": "github:NixOS/nixpkgs/8b5ab8341e33322e5b66fb46ce23d724050f6606#git",
      "source": "devbox-search",
      "version": "2.42.0"
    },
    "go@1.21": {
      "last_modified": "2023-09-19T14:14:51Z",
      "resolved": "github:NixOS/nixpkgs/8b5ab8341e33322e5b66fb46ce23d724050f6606#go_1_21",
      "source": "devbox-search",
      "version": "1.21.1"
    },
    "htop@latest": {
      "last_modified": "2023-09-19T14:14:51Z",
      "resolved": "github:NixOS/nixpkgs/8b5ab8341e33322e5b66fb46ce23d724050f6606#htop",
      "source": "devbox-search",
      "version": "3.2.2"
    },
    "jdk19_headless@latest": {
      "last_modified": "2023-09-19T14:14:51Z",
      "resolved": "github:NixOS/nixpkgs/8b5ab8341e33322e5b66fb46ce23d724050f6606#jdk19_headless",
      "source": "devbox-search",
      "version": "19.0.2+7"
    },
    "neovim@latest": {
      "last_modified": "2023-09-19T14:14:51Z",
      "resolved": "github:NixOS/nixpkgs/8b5ab8341e33322e5b66fb46ce23d724050f6606#neovim",
      "source": "devbox-search",
      "version": "0.9.2"
    },
    "python@3.11": {
      "last_modified": "2023-09-19T14:14:51Z",
      "plugin_version": "0.0.1",
      "resolved": "github:NixOS/nixpkgs/8b5ab8341e33322e5b66fb46ce23d724050f6606#python311",
      "source": "devbox-search",
      "version": "3.11.4"
    },
    "ripgrep@latest": {
      "last_modified": "2023-09-19T14:14:51Z",
      "resolved": "github:NixOS/nixpkgs/8b5ab8341e33322e5b66fb46ce23d724050f6606#ripgrep",
      "source": "devbox-search",
      "version": "13.0.0"
    },
    "stdenv@latest": {
      "last_modified": "2023-02-24T09:01:09Z",
      "resolved": "github:NixOS/nixpkgs/7d0ed7f2e5aea07ab22ccb338d27fbe347ed2f11#stdenv",
      "source": "devbox-search"
    },
    "terraform@latest": {
      "last_modified": "2023-09-19T14:14:51Z",
      "resolved": "github:NixOS/nixpkgs/8b5ab8341e33322e5b66fb46ce23d724050f6606#terraform",
      "source": "devbox-search",
      "version": "1.5.7"
    }
  }
}
